
Microsoft Visual Studio Solution File, Format Version 12.00
# Visual Studio Version 17
VisualStudioVersion = 17.0.31903.59
MinimumVisualStudioVersion = 10.0.40219.1
Project("{2150E333-8FDC-42A3-9474-1A3956D46DE8}") = "src", "src", "{2032E45D-42EC-4B0A-BCF7-8CD9A70099AE}"
EndProject
Project("{F2A71F9B-5D33-465A-A702-920D77279786}") = "Fhex", "src\Fhex\Fhex.fsproj", "{1E12A9B7-0CFE-4E61-AA00-5BDACF0CAE82}"
EndProject
Project("{F2A71F9B-5D33-465A-A702-920D77279786}") = "Ohex", "src\Ohex\Ohex.fsproj", "{6289317E-8C7E-49C6-B174-03D2A7A92052}"
EndProject
Global
	GlobalSection(SolutionConfigurationPlatforms) = preSolution
		Debug|Any CPU = Debug|Any CPU
		Release|Any CPU = Release|Any CPU
	EndGlobalSection
	GlobalSection(SolutionProperties) = preSolution
		HideSolutionNode = FALSE
	EndGlobalSection
	GlobalSection(ProjectConfigurationPlatforms) = postSolution
		{1E12A9B7-0CFE-4E61-AA00-5BDACF0CAE82}.Debug|Any CPU.ActiveCfg = Debug|Any CPU
		{1E12A9B7-0CFE-4E61-AA00-5BDACF0CAE82}.Debug|Any CPU.Build.0 = Debug|Any CPU
		{1E12A9B7-0CFE-4E61-AA00-5BDACF0CAE82}.Release|Any CPU.ActiveCfg = Release|Any CPU
		{1E12A9B7-0CFE-4E61-AA00-5BDACF0CAE82}.Release|Any CPU.Build.0 = Release|Any CPU
		{6289317E-8C7E-49C6-B174-03D2A7A92052}.Debug|Any CPU.ActiveCfg = Debug|Any CPU
		{6289317E-8C7E-49C6-B174-03D2A7A92052}.Debug|Any CPU.Build.0 = Debug|Any CPU
		{6289317E-8C7E-49C6-B174-03D2A7A92052}.Release|Any CPU.ActiveCfg = Release|Any CPU
		{6289317E-8C7E-49C6-B174-03D2A7A92052}.Release|Any CPU.Build.0 = Release|Any CPU
	EndGlobalSection
	GlobalSection(NestedProjects) = preSolution
		{1E12A9B7-0CFE-4E61-AA00-5BDACF0CAE82} = {2032E45D-42EC-4B0A-BCF7-8CD9A70099AE}
		{6289317E-8C7E-49C6-B174-03D2A7A92052} = {2032E45D-42EC-4B0A-BCF7-8CD9A70099AE}
	EndGlobalSection
EndGlobal
